lockfileVersion: '9.0'

settings:
  autoInstallPeers: true
  excludeLinksFromLockfile: false

importers:

  .:
    devDependencies:
      ton-crypto:
        specifier: ^3.2.0
        version: 3.2.0

packages:

  jssha@3.2.0:
    resolution: {integrity: sha512-QuruyBENDWdN4tZwJbQq7/eAK85FqrI4oDbXjy5IBhYD+2pTJyBUWZe8ctWaCkrV0gy6AaelgOZZBMeswEa/6Q==}

  ton-crypto-primitives@2.0.0:
    resolution: {integrity: sha512-K+qKjpS0h9sPW6oExcpxnzuQ7nEgHEiDKwIqE/jWD25o8iFGe3FWj1gKxFNbKE9wwYKc5IV8FwrU+raF0KO5nQ==}

  ton-crypto@3.2.0:
    resolution: {integrity: sha512-fltdBNQ45gARMuGMEOjPZWPJ5eSql8p3CA0Dj7tPv5lhU5ziT8SxXLAzDraR9HJ8YpjBHLVvYyhMLRiEwxgtMQ==}

  tweetnacl@1.0.3:
    resolution: {integrity: sha512-6rt+RN7aOi1nGMyC4Xa5DdYiukl2UWCbcJft7YhxReBGQD7OAM8Pbxw6YMo4r2diNEA8FEmu32YOn9rhaiE5yw==}

snapshots:

  jssha@3.2.0: {}

  ton-crypto-primitives@2.0.0:
    dependencies:
      jssha: 3.2.0

  ton-crypto@3.2.0:
    dependencies:
      jssha: 3.2.0
      ton-crypto-primitives: 2.0.0
      tweetnacl: 1.0.3

  tweetnacl@1.0.3: {}
